---
lockfileVersion: '9.0'

importers:

  .:
    configDependencies: {}
    packageManagerDependencies:
      pnpm:
        specifier: 12.5.1
        version: 12.5.1

packages:

  '@pnpm/exe.android-arm64@12.5.1':
    resolution: {integrity: sha512-6LGBmQuDzUmgpHSuy+haG0jrmkwFNa4EuShDZqK3cIBv4Wfb75CzjJmowkzr+iJg40vnBKMQ62t4Ko6mwsId7A==}
    cpu: [arm64]
    os: [android]

  '@pnpm/exe.android-x64@12.5.1':
    resolution: {integrity: sha512-091oCltP3Rx89yxL1Wh5rXkUXEyFzyxIzSHKRFDyDFlQkb8Ox8FaDcm+M8PNkMyqnLA+qeGOLzY7Rjj9izl1Ww==}
    cpu: [x64]
    os: [android]

  '@pnpm/exe.darwin-arm64@12.5.1':
    resolution: {integrity: sha512-r1vEMQPVjRexZMyL2HonxJoo3+nuB/+G+tg+f2PK6faRdXX1TDwevKXOxJAfqlPInTy6W/pm912+s+m0NcR4BQ==}
    cpu: [arm64]
    os: [darwin]

  '@pnpm/exe.darwin-x64@12.5.1':
    resolution: {integrity: sha512-YHwI1g2B+Y2cAEylOR31r781GWijdJL7Gy7TEn/ZpZ5v/Cuwp5/Pz0EFCgo0M2MKLafAbL/laUMGvOpAdnerAw==}
    cpu: [x64]
    os: [darwin]

  '@pnpm/exe.freebsd-x64@12.5.1':
    resolution: {integrity: sha512-sFUMHiYFs6q5syFwgaVppzhQSmqnXoJIz/YwTXIOXTDE76ndIpTRpDGAnBCBKjsaEBnqjJA/2l6hpJcNDNoMiA==}
    cpu: [x64]
    os: [freebsd]

  '@pnpm/exe.linux-arm64-musl@12.5.1':
    resolution: {integrity: sha512-zupuxYZBuBEGjUz805/4/Asq01UNziFADANt8yp+LdUjU9bbMa3xY78Bx1PsGDqBy7aiad4sdUMK8ZxH4n4gmQ==}
    cpu: [arm64]
    os: [linux]
    libc: [musl]

  '@pnpm/exe.linux-arm64@12.5.1':
    resolution: {integrity: sha512-6hbMWW2/eQo1b5wvQPe/ndLHVTH88Rav6N+ffD4/h6IuFMjWCgasFYYsFv0GrvpqREAx3SwmZSvli+0NFXqbxA==}
    cpu: [arm64]
    os: [linux]
    libc: [glibc]

  '@pnpm/exe.linux-ppc64@12.5.1':
    resolution: {integrity: sha512-Gg3maDzaE/ZFMV9HIx/BwMN0Y6QbEs13URfxmiYHtKjjLAs5wEQZRMUP87YNLYO7cNaEfbM8GRbS9vPosyD9Gw==}
    cpu: [ppc64]
    os: [linux]
    libc: [glibc]

  '@pnpm/exe.linux-riscv64@12.5.1':
    resolution: {integrity: sha512-6fgWxXYMBMsWQ8DAiRevscX4QZQjwh+FsyCj8ZOk8pMXvqeq84MqBLCmS6KckvnbdqJ+HlSVQ7fs/kd0ldwfhA==}
    cpu: [riscv64]
    os: [linux]
    libc: [glibc]

  '@pnpm/exe.linux-s390x@12.5.1':
    resolution: {integrity: sha512-nzMZruRvxDhEfYUhzu+7EmM39+82Dgagc/6hPFPqGqzXNGcIG0anuxbUxfeNtI64SHt91KuuYUmCB/inlM+Pag==}
    cpu: [s390x]
    os: [linux]
    libc: [glibc]

  '@pnpm/exe.linux-x64-musl@12.5.1':
    resolution: {integrity: sha512-kHCbegdTNHpzmPtUD4S5fqkVkqgdQR47spF9p2VPP3dIIkZl6Ytk8w0vhlAsAGgge8FmucfwX+vvPKgm0NtOCQ==}
    cpu: [x64]
    os: [linux]
    libc: [musl]

  '@pnpm/exe.linux-x64@12.5.1':
    resolution: {integrity: sha512-3PkUBYo5z4dgtlnTNIFj7QGpcDUAuqXz9WGVigPDCeccEnhGiRkWmA5102TmYJHtwJP3LfmE+ZF9PGeWhn8p9Q==}
    cpu: [x64]
    os: [linux]
    libc: [glibc]

  '@pnpm/exe.win32-arm64@12.5.1':
    resolution: {integrity: sha512-49NvjZIXHly56/PLoEDD7VphbO4N8dwMXoApElDFCpVGDNGeKlwlib1tXtnpTF6i2/XIsAj7GgatHB5KHXgBnA==}
    cpu: [arm64]
    os: [win32]

  '@pnpm/exe.win32-x64@12.5.1':
    resolution: {integrity: sha512-ePUmQFPAPJFNMwg1lelDx2PdjHqYRiF0yfg5e6qeDbPNOu97QNo557Ru/SxmCrmt8ydQWNuZXWpdEp019md5vw==}
    cpu: [x64]
    os: [win32]

  pnpm@12.5.1:
    resolution: {integrity: sha512-4/MFvHhKK8ifWtO2E4iJRw+ujSr182thIW7JHCw9ZAiXdfneOKrDMQROpA8kXLDVZmOS399lgk4ZB+9qLGLeXw==}
    engines: {node: '>=18.*'}
    hasBin: true

snapshots:

  '@pnpm/exe.android-arm64@12.5.1':
    optional: true

  '@pnpm/exe.android-x64@12.5.1':
    optional: true

  '@pnpm/exe.darwin-arm64@12.5.1':
    optional: true

  '@pnpm/exe.darwin-x64@12.5.1':
    optional: true

  '@pnpm/exe.freebsd-x64@12.5.1':
    optional: true

  '@pnpm/exe.linux-arm64-musl@12.5.1':
    optional: true

  '@pnpm/exe.linux-arm64@12.5.1':
    optional: true

  '@pnpm/exe.linux-ppc64@12.5.1':
    optional: true

  '@pnpm/exe.linux-riscv64@12.5.1':
    optional: true

  '@pnpm/exe.linux-s390x@12.5.1':
    optional: true

  '@pnpm/exe.linux-x64-musl@12.5.1':
    optional: true

  '@pnpm/exe.linux-x64@12.5.1':
    optional: true

  '@pnpm/exe.win32-arm64@12.5.1':
    optional: true

  '@pnpm/exe.win32-x64@12.5.1':
    optional: true

  pnpm@12.5.1:
    optionalDependencies:
      '@pnpm/exe.android-arm64': 12.5.1
      '@pnpm/exe.android-x64': 12.5.1
      '@pnpm/exe.darwin-arm64': 12.5.1
      '@pnpm/exe.darwin-x64': 12.5.1
      '@pnpm/exe.freebsd-x64': 12.5.1
      '@pnpm/exe.linux-arm64': 12.5.1
      '@pnpm/exe.linux-arm64-musl': 12.5.1
      '@pnpm/exe.linux-ppc64': 12.5.1
      '@pnpm/exe.linux-riscv64': 12.5.1
      '@pnpm/exe.linux-s390x': 12.5.1
      '@pnpm/exe.linux-x64': 12.5.1
      '@pnpm/exe.linux-x64-musl': 12.5.1
      '@pnpm/exe.win32-arm64': 12.5.1
      '@pnpm/exe.win32-x64': 12.5.1

---
lockfileVersion: '9.0'

settings:
  autoInstallPeers: true
  excludeLinksFromLockfile: false

importers:

  .:
    dependencies:
      '@napi-rs/canvas':
        specifier: ^1.0.10
        version: 1.0.10
    devDependencies:
      lefthook:
        specifier: ^2.1.16
        version: 2.1.16

packages:

  '@napi-rs/canvas-android-arm64@1.0.10':
    resolution: {integrity: sha512-0sDMvme+7fj6bHERUaBs5SvEyWaORc91VUkaB4RrtG7p6dBrBNGy1of8cyEKDxygd1FlHtW+Thunj8lSixzY7A==}
    engines: {node: '>= 10'}
    cpu: [arm64]
    os: [android]

  '@napi-rs/canvas-darwin-arm64@1.0.10':
    resolution: {integrity: sha512-pdHL1TEfFMrnchRYqmPWXKN7hR4XtOYmzJqnh4XhpfWD4/eeSokOGVzrdFP/iQ3sfr2rf0939gOGq9uCp8BGmg==}
    engines: {node: '>= 10'}
    cpu: [arm64]
    os: [darwin]

  '@napi-rs/canvas-darwin-x64@1.0.10':
    resolution: {integrity: sha512-iuuk5plGxAcxurxv2ycF2yR20y5zvaBZ4heQdhPpg3EMFD21PhlY1V+YwSRmYRWzbvKL474UYdw3WIg2qfafyw==}
    engines: {node: '>= 10'}
    cpu: [x64]
    os: [darwin]

  '@napi-rs/canvas-linux-arm-gnueabihf@1.0.10':
    resolution: {integrity: sha512-kH7GFR5Unpm77pKSEsmkqvzeQCRD7/MQ7upmeLLjg4XpQ62dX/R6THFsp6vkF1Pkco2aKUq9KhoLM4W5twdk7g==}
    engines: {node: '>= 10'}
    cpu: [arm]
    os: [linux]

  '@napi-rs/canvas-linux-arm64-gnu@1.0.10':
    resolution: {integrity: sha512-0/Hj7IwM9pmzdwxiqkp4YLJ8dKqASBrWQ3Y7dWUSU/4dgvCL9O6YNvX7xVUJjonQvdD3IE9ESS/nXa5srQqoVw==}
    engines: {node: '>= 10'}
    cpu: [arm64]
    os: [linux]
    libc: [glibc]

  '@napi-rs/canvas-linux-arm64-musl@1.0.10':
    resolution: {integrity: sha512-fmjKM0P2MLF9O6XzCQsRjhB+jlLzaf6tFQU36hMPMsYup+VThYvpjjhqNLOc/Ee3tHUE3r13H2BSJx/yXz4pFA==}
    engines: {node: '>= 10'}
    cpu: [arm64]
    os: [linux]
    libc: [musl]

  '@napi-rs/canvas-linux-riscv64-gnu@1.0.10':
    resolution: {integrity: sha512-O/BUrGwrs3pVP9PpD/3++ZiOpjHMJlmiB7aBgswP8rbe4egPfiFkFxmcCczoLvZa72TaQX5lJ8Udedb6rc/Hvg==}
    engines: {node: '>= 10'}
    cpu: [riscv64]
    os: [linux]
    libc: [glibc]

  '@napi-rs/canvas-linux-x64-gnu@1.0.10':
    resolution: {integrity: sha512-48HkZPQeAN/R+9NPpY64tceoyCUW5xYYtHKZnC+BG11qiihXJCbH+xfbgGU+OdYp1Q4s84HDl9ILU0KBK6SBOQ==}
    engines: {node: '>= 10'}
    cpu: [x64]
    os: [linux]
    libc: [glibc]

  '@napi-rs/canvas-linux-x64-musl@1.0.10':
    resolution: {integrity: sha512-QYHVi7WZ9v+Wm9OQyHLMTnJ8QiBPVX94BgbCHFJC/4bCFMfvX7fRzo4FJPgkRP0ISz3ulYNow/FCbQOPjzhYjg==}
    engines: {node: '>= 10'}
    cpu: [x64]
    os: [linux]
    libc: [musl]

  '@napi-rs/canvas-win32-arm64-msvc@1.0.10':
    resolution: {integrity: sha512-bWK+YajM/8sL0mMgLtug2s063FVBPzFV4QAn987CQomMKlmzrBY6Trz43KY+24hq7IOa3qNhUAgP/XMEF50ZEQ==}
    engines: {node: '>= 10'}
    cpu: [arm64]
    os: [win32]

  '@napi-rs/canvas-win32-x64-msvc@1.0.10':
    resolution: {integrity: sha512-9WtzW85PaIhtB27iXaR/9RrLCqHLbqD3Z8Q+kh17NjFxwQXFXU5vWbYH4vEH+drM307TTyK3hidZgpt09G5T3g==}
    engines: {node: '>= 10'}
    cpu: [x64]
    os: [win32]

  '@napi-rs/canvas@1.0.10':
    resolution: {integrity: sha512-V+qptzsGnPMFxEbhwc6eDNMe5eDrfiBIp8qGpuRjAVIX4Kn2zxvwQ1Xco6Fwe+3tYIe3iLW8LM9D+SvjyJhqbQ==}
    engines: {node: '>= 10'}

  lefthook-darwin-arm64@2.1.16:
    resolution: {integrity: sha512-oOjS1mn3UGNfo72UtR9VJMyulgbjvLkv5KEmJVgfWiO8wZ4Z469o2ZllvH5FrHluzv4Hlkc9OG+vnCP+5/ztMA==}
    cpu: [arm64]
    os: [darwin]

  lefthook-darwin-x64@2.1.16:
    resolution: {integrity: sha512-/thON8TbzsqXBjF0hkVPsisBJOKGfss0+lVqcJ0jNwaRDIQSn6Frsn7c9eqs7uyMNEQKUVLTeIkpwPrNldT8JA==}
    cpu: [x64]
    os: [darwin]

  lefthook-freebsd-arm64@2.1.16:
    resolution: {integrity: sha512-Eg7s0gcGwZnQqYyWTfOqb+2qupXtmHt/XHftXJvLhTaTMXR6uQbAyl7ceYTl2wH43AOCLrJ5BMMdqlWJaj/EbA==}
    cpu: [arm64]
    os: [freebsd]

  lefthook-freebsd-x64@2.1.16:
    resolution: {integrity: sha512-vCmyKLO8mtAf+hm8rpfAlt4wQ23S7AGnlT6JlrLPBSt5V8J2kXuI/N1W2XQbWx6OqckqchhBdLQP3Xh4IiYBXA==}
    cpu: [x64]
    os: [freebsd]

  lefthook-linux-arm64@2.1.16:
    resolution: {integrity: sha512-zMEZ8x+PzXqjouEFsf2lWt2o0p5yvvT0YP0CpJC41y4FIRusx0sy3l+cjvKRIysLGOzKMr4V3/fE6w7f2KgwUw==}
    cpu: [arm64]
    os: [linux]

  lefthook-linux-x64@2.1.16:
    resolution: {integrity: sha512-HdfNz3z5hzrEXyP5KC51os+2M6BThL4qMfu8rB777tbXzf7WMoxf/FV6mnzoqM1RN0K+KJAQYbnJatfPQhqusQ==}
    cpu: [x64]
    os: [linux]

  lefthook-openbsd-arm64@2.1.16:
    resolution: {integrity: sha512-zKkyN/ocUXOzFaLPn3ciucJ6CYcnUmqFsIwp7ge96sQ8l83omxL9rK0/KvSsMcus+TfHTNN+DFWVJxeMepPVtQ==}
    cpu: [arm64]
    os: [openbsd]

  lefthook-openbsd-x64@2.1.16:
    resolution: {integrity: sha512-Ptu0D2JK1COlDK1lcr7F6WDGkCzQ80ozeTrqNzPEyBjUdZAFLwR5K5gWgaRtR06RSoYDC72RFxKM1QYnsfF0rQ==}
    cpu: [x64]
    os: [openbsd]

  lefthook-windows-arm64@2.1.16:
    resolution: {integrity: sha512-YTzFJwlF3qbHx+CCuiyDmDPASh6mYBp1I8zfTeGKI3L24Eoct6FUaGUlfAoz8SI3DECPmBhfNgAK4dZlX9Hd5g==}
    cpu: [arm64]
    os: [win32]

  lefthook-windows-x64@2.1.16:
    resolution: {integrity: sha512-mQVpfaagdIZPJCGDeedRnslyd9JTc13vjmp02uu4X7cr/VZK94obwk96dhgsRp9+LL1XMhX5zTcb0zNLo1hC+A==}
    cpu: [x64]
    os: [win32]

  lefthook@2.1.16:
    resolution: {integrity: sha512-U69YGDNsZ7R+umeSzdLzORNCHQFz/w4LKyNTjJQcGrQRQCr8hlCJfJwwm9sqq9Uc5N6dImS58ywURA0FkqoHlg==}
    hasBin: true

snapshots:

  '@napi-rs/canvas-android-arm64@1.0.10':
    optional: true

  '@napi-rs/canvas-darwin-arm64@1.0.10':
    optional: true

  '@napi-rs/canvas-darwin-x64@1.0.10':
    optional: true

  '@napi-rs/canvas-linux-arm-gnueabihf@1.0.10':
    optional: true

  '@napi-rs/canvas-linux-arm64-gnu@1.0.10':
    optional: true

  '@napi-rs/canvas-linux-arm64-musl@1.0.10':
    optional: true

  '@napi-rs/canvas-linux-riscv64-gnu@1.0.10':
    optional: true

  '@napi-rs/canvas-linux-x64-gnu@1.0.10':
    optional: true

  '@napi-rs/canvas-linux-x64-musl@1.0.10':
    optional: true

  '@napi-rs/canvas-win32-arm64-msvc@1.0.10':
    optional: true

  '@napi-rs/canvas-win32-x64-msvc@1.0.10':
    optional: true

  '@napi-rs/canvas@1.0.10':
    optionalDependencies:
      '@napi-rs/canvas-android-arm64': 1.0.10
      '@napi-rs/canvas-darwin-arm64': 1.0.10
      '@napi-rs/canvas-darwin-x64': 1.0.10
      '@napi-rs/canvas-linux-arm-gnueabihf': 1.0.10
      '@napi-rs/canvas-linux-arm64-gnu': 1.0.10
      '@napi-rs/canvas-linux-arm64-musl': 1.0.10
      '@napi-rs/canvas-linux-riscv64-gnu': 1.0.10
      '@napi-rs/canvas-linux-x64-gnu': 1.0.10
      '@napi-rs/canvas-linux-x64-musl': 1.0.10
      '@napi-rs/canvas-win32-arm64-msvc': 1.0.10
      '@napi-rs/canvas-win32-x64-msvc': 1.0.10

  lefthook-darwin-arm64@2.1.16:
    optional: true

  lefthook-darwin-x64@2.1.16:
    optional: true

  lefthook-freebsd-arm64@2.1.16:
    optional: true

  lefthook-freebsd-x64@2.1.16:
    optional: true

  lefthook-linux-arm64@2.1.16:
    optional: true

  lefthook-linux-x64@2.1.16:
    optional: true

  lefthook-openbsd-arm64@2.1.16:
    optional: true

  lefthook-openbsd-x64@2.1.16:
    optional: true

  lefthook-windows-arm64@2.1.16:
    optional: true

  lefthook-windows-x64@2.1.16:
    optional: true

  lefthook@2.1.16:
    optionalDependencies:
      lefthook-darwin-arm64: 2.1.16
      lefthook-darwin-x64: 2.1.16
      lefthook-freebsd-arm64: 2.1.16
      lefthook-freebsd-x64: 2.1.16
      lefthook-linux-arm64: 2.1.16
      lefthook-linux-x64: 2.1.16
      lefthook-openbsd-arm64: 2.1.16
      lefthook-openbsd-x64: 2.1.16
      lefthook-windows-arm64: 2.1.16
      lefthook-windows-x64: 2.1.16
