---
lockfileVersion: '9.0'

importers:

  .:
    configDependencies: {}
    packageManagerDependencies:
      pnpm:
        specifier: 12.4.1
        version: 12.4.1

packages:

  '@pnpm/exe.android-arm64@12.4.1':
    resolution: {integrity: sha512-/HwsqXMSmlOfgtV9+O0ratzjV6Vd/8n1hh4rGHpCGmDURvt52MwZxdbhyxP4K03ZfvgSDvotFPr8O+RzE5Eu8A==}
    cpu: [arm64]
    os: [android]

  '@pnpm/exe.android-x64@12.4.1':
    resolution: {integrity: sha512-+l74Qb4c2YjOzNKHXJLg+1wr8xHM1ckkUhnU5KRUK9TJqiiczt6yeTZqqzHIlJ8i6pAoj5V0OJevDRwnQKLgrQ==}
    cpu: [x64]
    os: [android]

  '@pnpm/exe.darwin-arm64@12.4.1':
    resolution: {integrity: sha512-6rkZkT3iGfaxknUdGHraqSWFvTa6N0ajAHluv9Ax0GRWs0sIcGNiFhDopv6xSZCsJZmG483aNS/b6UEDy3blfw==}
    cpu: [arm64]
    os: [darwin]

  '@pnpm/exe.darwin-x64@12.4.1':
    resolution: {integrity: sha512-Vb1CHlR88HghC1qUxjxjs82zQSXnXacPD+btG2CmG8Q/hBU7Q0/b2YWJKSQqZXicunV5khFtfTlAwJddV9RkYA==}
    cpu: [x64]
    os: [darwin]

  '@pnpm/exe.freebsd-x64@12.4.1':
    resolution: {integrity: sha512-iT3iHz3Nl0Sxxj7UPOtZ/aQ81AFsQhjoeWMAlPkSRO04gsgDGAXv3UYxOFaesMWsfNxaGn0A+CITbuCHFF66FA==}
    cpu: [x64]
    os: [freebsd]

  '@pnpm/exe.linux-arm64-musl@12.4.1':
    resolution: {integrity: sha512-aBooZfNXM5f+OGUgCAMFWpE/kAhsWfvmqIyMtHy6zl3aNxyInWrcY/Saln/UElzo7lZWMC0Yktroxd/2J26lNQ==}
    cpu: [arm64]
    os: [linux]
    libc: [musl]

  '@pnpm/exe.linux-arm64@12.4.1':
    resolution: {integrity: sha512-TlOdacTTP09BgcMvwWBFRsu8VAjfwqwnslBj+XSq1JFM3ck4f3k+1O/747EuctxZxs3/o785b6Q3s7Pd92Ptsg==}
    cpu: [arm64]
    os: [linux]
    libc: [glibc]

  '@pnpm/exe.linux-ppc64@12.4.1':
    resolution: {integrity: sha512-r/ab/MlIBo75oizUP5ITiziCCrnXz4SJwfErLQ+603AshB+Yq7xTMCoMtzTSCAMu6aaymIKkAFtZvd2J75Wq0w==}
    cpu: [ppc64]
    os: [linux]
    libc: [glibc]

  '@pnpm/exe.linux-riscv64@12.4.1':
    resolution: {integrity: sha512-C/D1QWdKMiB8+wv/spl1rGITFUuqC+aI/fb6h8NB5sqxsOaGXeYc/g891oCuzggHn6SODk9p+I09hI76x/cMNw==}
    cpu: [riscv64]
    os: [linux]
    libc: [glibc]

  '@pnpm/exe.linux-s390x@12.4.1':
    resolution: {integrity: sha512-nxz5zD4yXt94uzbStDk0QTPKW+aE92hH1b5tFXK9ctB1HE9Xcq1vjTiA2LsZMFC6p4gdu5OwQeFqYNAVGa6QlA==}
    cpu: [s390x]
    os: [linux]
    libc: [glibc]

  '@pnpm/exe.linux-x64-musl@12.4.1':
    resolution: {integrity: sha512-5AwgFdGhVUg2kIweYGfxzSLEHiIG77PQhZAkXC3TwofQHsu1Wr+TrV5/rNX2PopFnHRzuE581zoB8F6Wle32yg==}
    cpu: [x64]
    os: [linux]
    libc: [musl]

  '@pnpm/exe.linux-x64@12.4.1':
    resolution: {integrity: sha512-FJOZuuuQMhp0oLzBtcKkLXknBI92hfkmSnlKc47vfin4HrmfID5khY2lGekL9tCzk1cpR+HShEw/meFl+nHtzQ==}
    cpu: [x64]
    os: [linux]
    libc: [glibc]

  '@pnpm/exe.win32-arm64@12.4.1':
    resolution: {integrity: sha512-OO7eKBL9S+xk5hRy+JUUZSNJknGuGe3GEUffsrlC2LbqKF02g+VX1anGIzSbJDvkkdnpJhSlxF5AUz2JzJu2Jw==}
    cpu: [arm64]
    os: [win32]

  '@pnpm/exe.win32-x64@12.4.1':
    resolution: {integrity: sha512-x7gJHZgHo6hp354xCYA2NvoFzYJkHwovt2kVsUBK5EmXULLcP51JGMq09CX+5FRFJUZFKoXjLu3mZWmfP7o6PQ==}
    cpu: [x64]
    os: [win32]

  pnpm@12.4.1:
    resolution: {integrity: sha512-LoHjmdc/6DkNqyXgaqeIq3pZCCSNL1o3D4K0gRR6ano2e/gEj5pv22Rg8hpm8FQt7bi5TKLIcjWWdBkgsWVtTA==}
    engines: {node: '>=18.*'}
    hasBin: true

snapshots:

  '@pnpm/exe.android-arm64@12.4.1':
    optional: true

  '@pnpm/exe.android-x64@12.4.1':
    optional: true

  '@pnpm/exe.darwin-arm64@12.4.1':
    optional: true

  '@pnpm/exe.darwin-x64@12.4.1':
    optional: true

  '@pnpm/exe.freebsd-x64@12.4.1':
    optional: true

  '@pnpm/exe.linux-arm64-musl@12.4.1':
    optional: true

  '@pnpm/exe.linux-arm64@12.4.1':
    optional: true

  '@pnpm/exe.linux-ppc64@12.4.1':
    optional: true

  '@pnpm/exe.linux-riscv64@12.4.1':
    optional: true

  '@pnpm/exe.linux-s390x@12.4.1':
    optional: true

  '@pnpm/exe.linux-x64-musl@12.4.1':
    optional: true

  '@pnpm/exe.linux-x64@12.4.1':
    optional: true

  '@pnpm/exe.win32-arm64@12.4.1':
    optional: true

  '@pnpm/exe.win32-x64@12.4.1':
    optional: true

  pnpm@12.4.1:
    optionalDependencies:
      '@pnpm/exe.android-arm64': 12.4.1
      '@pnpm/exe.android-x64': 12.4.1
      '@pnpm/exe.darwin-arm64': 12.4.1
      '@pnpm/exe.darwin-x64': 12.4.1
      '@pnpm/exe.freebsd-x64': 12.4.1
      '@pnpm/exe.linux-arm64': 12.4.1
      '@pnpm/exe.linux-arm64-musl': 12.4.1
      '@pnpm/exe.linux-ppc64': 12.4.1
      '@pnpm/exe.linux-riscv64': 12.4.1
      '@pnpm/exe.linux-s390x': 12.4.1
      '@pnpm/exe.linux-x64': 12.4.1
      '@pnpm/exe.linux-x64-musl': 12.4.1
      '@pnpm/exe.win32-arm64': 12.4.1
      '@pnpm/exe.win32-x64': 12.4.1

---
lockfileVersion: '9.0'

settings:
  autoInstallPeers: true
  excludeLinksFromLockfile: false

importers:

  .:
    dependencies:
      '@napi-rs/canvas':
        specifier: ^1.0.9
        version: 1.0.9
    devDependencies:
      lefthook:
        specifier: ^2.1.12
        version: 2.1.12

packages:

  '@napi-rs/canvas-android-arm64@1.0.9':
    resolution: {integrity: sha512-4LGXk2/0HVzE29K8SzML5WubgCp++B1FH3qgl35XmSZE+lLdr6P9VRQEnZ0MCLZMTSuJP41yyhtoiVNEuvrTIA==}
    engines: {node: '>= 10'}
    cpu: [arm64]
    os: [android]

  '@napi-rs/canvas-darwin-arm64@1.0.9':
    resolution: {integrity: sha512-YNdfLBzY0W/Pep9fo2L6RmoNlNksnn05LRnX66W63R3ij58S25QOTcjdtEt2v8+PnCESzqZsYzUo+QPeIR44NA==}
    engines: {node: '>= 10'}
    cpu: [arm64]
    os: [darwin]

  '@napi-rs/canvas-darwin-x64@1.0.9':
    resolution: {integrity: sha512-ceZQSknTEcy3dOXoekv59LTCkXjvnLsq+VW5PeNNDHEPQbRS5Ervkm1EaDa7WLAjiYWMLuSQTRTHao1dEX4prg==}
    engines: {node: '>= 10'}
    cpu: [x64]
    os: [darwin]

  '@napi-rs/canvas-linux-arm-gnueabihf@1.0.9':
    resolution: {integrity: sha512-XhfI0Wwv4llhd6nnWDtY3kQKjq0r+y1i91PlJlJI24ag2U9WrnwbG1qS3+fDLEyouwEVFchiKkTEHozK+5iUNA==}
    engines: {node: '>= 10'}
    cpu: [arm]
    os: [linux]

  '@napi-rs/canvas-linux-arm64-gnu@1.0.9':
    resolution: {integrity: sha512-012oiYtKaE7i9oxc8q7nraT7kDOpLcaCmFLzVe9Ty34RHDdoDzbWLrVh827CNxYh/EADX1eSikA3ymLjo/nNuw==}
    engines: {node: '>= 10'}
    cpu: [arm64]
    os: [linux]
    libc: [glibc]

  '@napi-rs/canvas-linux-arm64-musl@1.0.9':
    resolution: {integrity: sha512-Ls5UWYFFn63casTZEczbeyEg3vRDRkv9lscuGwfchtY5yLLQhgOB8SN4YGxmfJ5vTaBwZ2YUxBS3NtmjJmFXdA==}
    engines: {node: '>= 10'}
    cpu: [arm64]
    os: [linux]
    libc: [musl]

  '@napi-rs/canvas-linux-riscv64-gnu@1.0.9':
    resolution: {integrity: sha512-hLKEGxV7ZiRHqndePTokgDMdBlo/rDfzg7P4p4QIv9pUhuYobnu3R2NIFLCRghG0nwfo+s2sw+c1xZFeCmEAsw==}
    engines: {node: '>= 10'}
    cpu: [riscv64]
    os: [linux]
    libc: [glibc]

  '@napi-rs/canvas-linux-x64-gnu@1.0.9':
    resolution: {integrity: sha512-6kaz3w0QMy77PDWk6rJ1ksIihdad3qzEyX2o2oGT8GwCaypfT5mhjr8buOO5hstyLxcWXDScuz56RsINLtBPIQ==}
    engines: {node: '>= 10'}
    cpu: [x64]
    os: [linux]
    libc: [glibc]

  '@napi-rs/canvas-linux-x64-musl@1.0.9':
    resolution: {integrity: sha512-xrGvmS3v55hmZ86ls/kBLVNMUTYio3f6Ik0DireemG994VfPAwiA3ZXA0Uf1bByctkB3NQ1Sfb+H5bkdUnnzfQ==}
    engines: {node: '>= 10'}
    cpu: [x64]
    os: [linux]
    libc: [musl]

  '@napi-rs/canvas-win32-arm64-msvc@1.0.9':
    resolution: {integrity: sha512-yjmVS3ArZeRVCP7jqbPq4rpZa/BhTeI7ELE2XqJg3snICQBDevLZyArxswHkiTnT34KRic33/4fLirrHI+SY8A==}
    engines: {node: '>= 10'}
    cpu: [arm64]
    os: [win32]

  '@napi-rs/canvas-win32-x64-msvc@1.0.9':
    resolution: {integrity: sha512-QlSYQdMQslB81nlABo9wNfQ6npFhE7/O+saCZdqVGueGanyRk4jCogD5EwQenfP3kIq9e+mm6GreQBjX5MrA8g==}
    engines: {node: '>= 10'}
    cpu: [x64]
    os: [win32]

  '@napi-rs/canvas@1.0.9':
    resolution: {integrity: sha512-QviPdJImDi/jMAvBfqaw+19BndMd/sizXVW3NnpMd3VJGz++QXkOHcP9kWR/smHG0hNjHeyuHFyrx/5lD0oNcQ==}
    engines: {node: '>= 10'}

  lefthook-darwin-arm64@2.1.12:
    resolution: {integrity: sha512-GSUjqaCuxAYlPOovbjXEWE3HAIa/xOQkTTmZ937zieQldjPLTaC7+s5FHoxKywn+D9riBlofkDqG7Z4f5zzmPA==}
    cpu: [arm64]
    os: [darwin]

  lefthook-darwin-x64@2.1.12:
    resolution: {integrity: sha512-qAUHSSw/7Afi5wxkoLkxORxSicCeTBXyVLnRgD6YZra6udviozpK3Aok9Z6FIWeKc5FBijRMSNDxGPTREhsjcQ==}
    cpu: [x64]
    os: [darwin]

  lefthook-freebsd-arm64@2.1.12:
    resolution: {integrity: sha512-FHZRfKliFNbyz54zsoGdVe9muq67cNjBTZ6jrPPUjI7xUuyCwSpzA+1OpiwJT00L9pP5ZGONBqnGZKnrpC+7Uw==}
    cpu: [arm64]
    os: [freebsd]

  lefthook-freebsd-x64@2.1.12:
    resolution: {integrity: sha512-HYQZPGy2DDEx7dbuotusJpujY5q9igOLgx36qeeQcNQuvvdGHPj2ZGSIsGKhoJ0dw5Qa4knKJoPAHEZQWdV/og==}
    cpu: [x64]
    os: [freebsd]

  lefthook-linux-arm64@2.1.12:
    resolution: {integrity: sha512-ipjOri2PB/sk4noPrHQuM5fcpNBjmlKo4qMtXyLnxeOxGYHWZzf0Xi0OtrXHQ//tOprcv40ADvhUuSdcGqigLw==}
    cpu: [arm64]
    os: [linux]

  lefthook-linux-x64@2.1.12:
    resolution: {integrity: sha512-DmU6xfvqVoFdW+STyc70YI4Ry8vkHGKHx+IJ1Js/Gacq5dv+fiwNzwle3bi28EkL6P8xY67B/CfQfRj4SRU4tg==}
    cpu: [x64]
    os: [linux]

  lefthook-openbsd-arm64@2.1.12:
    resolution: {integrity: sha512-vb0J7bElLvoaCWQmna3HntsvoNqMsGAhfjjC99ss1OdCteufZKM3RxCVoMBEbD50Itv2c1Ua2AFVToltVFTy1Q==}
    cpu: [arm64]
    os: [openbsd]

  lefthook-openbsd-x64@2.1.12:
    resolution: {integrity: sha512-QOmhDWqPPK4+99scanfEmbJjUR+JYC93qhr/0bp5Dj3LaR3kVFNWc6zOQUsOTPy/LC6PG759Lej/mr/BtjUL2Q==}
    cpu: [x64]
    os: [openbsd]

  lefthook-windows-arm64@2.1.12:
    resolution: {integrity: sha512-eErEyr9AHkRFj6TxpCQeKGd0s6IrtL/VEIZ/ssg8dNfG+ycR4jAW/IAlrJSw6/ZQXb3WtWLaQ6QA5c+TLh7vmg==}
    cpu: [arm64]
    os: [win32]

  lefthook-windows-x64@2.1.12:
    resolution: {integrity: sha512-0h+WmDVdDriTjloD/UbjPq/ZtqaaJlPAdGcVwMCEdAxfbF0FTgDbKX3igui9g2U/qG2y6QpVhtz1jeiRe7ctaw==}
    cpu: [x64]
    os: [win32]

  lefthook@2.1.12:
    resolution: {integrity: sha512-2uOexfsrrRhCiTUWdGyDySxVHHhOFJ8MQejs27dM3hugrQB48/z1ZVlaNoxpZ1SnzQ1GaDIbO5rAvicwyiknYQ==}
    hasBin: true

snapshots:

  '@napi-rs/canvas-android-arm64@1.0.9':
    optional: true

  '@napi-rs/canvas-darwin-arm64@1.0.9':
    optional: true

  '@napi-rs/canvas-darwin-x64@1.0.9':
    optional: true

  '@napi-rs/canvas-linux-arm-gnueabihf@1.0.9':
    optional: true

  '@napi-rs/canvas-linux-arm64-gnu@1.0.9':
    optional: true

  '@napi-rs/canvas-linux-arm64-musl@1.0.9':
    optional: true

  '@napi-rs/canvas-linux-riscv64-gnu@1.0.9':
    optional: true

  '@napi-rs/canvas-linux-x64-gnu@1.0.9':
    optional: true

  '@napi-rs/canvas-linux-x64-musl@1.0.9':
    optional: true

  '@napi-rs/canvas-win32-arm64-msvc@1.0.9':
    optional: true

  '@napi-rs/canvas-win32-x64-msvc@1.0.9':
    optional: true

  '@napi-rs/canvas@1.0.9':
    optionalDependencies:
      '@napi-rs/canvas-android-arm64': 1.0.9
      '@napi-rs/canvas-darwin-arm64': 1.0.9
      '@napi-rs/canvas-darwin-x64': 1.0.9
      '@napi-rs/canvas-linux-arm-gnueabihf': 1.0.9
      '@napi-rs/canvas-linux-arm64-gnu': 1.0.9
      '@napi-rs/canvas-linux-arm64-musl': 1.0.9
      '@napi-rs/canvas-linux-riscv64-gnu': 1.0.9
      '@napi-rs/canvas-linux-x64-gnu': 1.0.9
      '@napi-rs/canvas-linux-x64-musl': 1.0.9
      '@napi-rs/canvas-win32-arm64-msvc': 1.0.9
      '@napi-rs/canvas-win32-x64-msvc': 1.0.9

  lefthook-darwin-arm64@2.1.12:
    optional: true

  lefthook-darwin-x64@2.1.12:
    optional: true

  lefthook-freebsd-arm64@2.1.12:
    optional: true

  lefthook-freebsd-x64@2.1.12:
    optional: true

  lefthook-linux-arm64@2.1.12:
    optional: true

  lefthook-linux-x64@2.1.12:
    optional: true

  lefthook-openbsd-arm64@2.1.12:
    optional: true

  lefthook-openbsd-x64@2.1.12:
    optional: true

  lefthook-windows-arm64@2.1.12:
    optional: true

  lefthook-windows-x64@2.1.12:
    optional: true

  lefthook@2.1.12:
    optionalDependencies:
      lefthook-darwin-arm64: 2.1.12
      lefthook-darwin-x64: 2.1.12
      lefthook-freebsd-arm64: 2.1.12
      lefthook-freebsd-x64: 2.1.12
      lefthook-linux-arm64: 2.1.12
      lefthook-linux-x64: 2.1.12
      lefthook-openbsd-arm64: 2.1.12
      lefthook-openbsd-x64: 2.1.12
      lefthook-windows-arm64: 2.1.12
      lefthook-windows-x64: 2.1.12
